[[package]]
name = 'contract_message_receiver'
source = 'root'
dependencies = ['std']

[[package]]
name = 'core'
source = 'path+from-root-3B0F13309DB8CFBA'
dependencies = []

[[package]]
name = 'std'
source = 'git+https://github.com/fuellabs/sway?tag=v0.24.3#95cd150cacef407a1f30c89899c539b0d57f099d'
dependencies = ['core']
