[[package]]
name = 'contract_message_receiver'
source = 'root'
dependencies = ['std']

[[package]]
name = 'core'
source = 'path+from-root-3851086A5CA5C88E'
dependencies = []

[[package]]
name = 'std'
source = 'git+https://github.com/fuellabs/sway?tag=v0.24.1#54e1a340e6c0c9a675e8a66aab03f579d5d6b39b'
dependencies = ['core']
