[[package]]
name = 'contract_message_receiver'
source = 'member'
dependencies = ['std']

[[package]]
name = 'core'
source = 'path+from-root-6CF211E057E4FBE9'

[[package]]
name = 'std'
source = 'git+https://github.com/fuellabs/sway?rev#7e861e44bd609c67db9b953fdd374106de1b03d0'
dependencies = ['core']
