[[package]]
name = "contract_message_receiver"
source = "member"
dependencies = ["std"]

[[package]]
name = "contract_message_test"
source = "member"
dependencies = [
    "contract_message_receiver",
    "std",
]

[[package]]
name = "core"
source = "path+from-root-9889F771D40C5D34"

[[package]]
name = "std"
source = "git+https://github.com/fuellabs/sway?tag=v0.53.0#b30f0e83d3f3d336007e3dfce45a48a87e731345"
dependencies = ["core"]
