[[package]]
name = "contract_message_receiver"
source = "member"
dependencies = ["std"]

[[package]]
name = "contract_message_test"
source = "member"
dependencies = [
    "contract_message_receiver",
    "std",
]

[[package]]
name = "core"
source = "path+from-root-EE4FC085C06BAAEB"

[[package]]
name = "std"
source = "git+https://github.com/fuellabs/sway?tag=v0.56.1#4a63b41de136ab68bdf396c6720708fbf4dca83e"
dependencies = ["core"]
