[[package]]
name = "base-asset-contract"
source = "member"
dependencies = [
    "standards",
    "std",
]

[[package]]
name = "bridge_fungible_token"
source = "member"
dependencies = [
    "contract_message_receiver",
    "interface",
    "standards",
    "std",
    "sway_libs",
]

[[package]]
name = "contract_message_receiver"
source = "member"
dependencies = ["std"]

[[package]]
name = "contract_message_test"
source = "member"
dependencies = [
    "contract_message_receiver",
    "std",
]

[[package]]
name = "core"
source = "path+from-root-D19F39D92CA9923C"

[[package]]
name = "interface"
source = "member"
dependencies = ["std"]

[[package]]
name = "proxy"
source = "member"
dependencies = [
    "contract_message_receiver",
    "interface",
    "standards",
    "std",
]

[[package]]
name = "reentrancy-attacker"
source = "member"
dependencies = [
    "contract_message_receiver",
    "standards",
    "std",
]

[[package]]
name = "standards"
source = "git+https://github.com/FuelLabs/sway-standards?tag=v0.5.2#270350e69bd7455b7e99f0aae2e29a94d42324bd"
dependencies = ["std"]

[[package]]
name = "std"
source = "git+https://github.com/fuellabs/sway?tag=v0.63.1#169f91ae0a6a698bd1cb459c4c203bab646a38ec"
dependencies = ["core"]

[[package]]
name = "sway_libs"
source = "git+https://github.com/FuelLabs/sway-libs?tag=v0.23.1#50be622109e3c584efc29edac5390c96f1ccc43a"
dependencies = [
    "standards",
    "std",
]

[[package]]
name = "test_deposit_recipient_contract"
source = "member"
dependencies = [
    "contract_message_receiver",
    "std",
]
