[[package]]
name = "bridge_fungible_token"
source = "member"
dependencies = [
    "contract_message_receiver",
    "reentrancy",
    "src_20",
    "std",
]

[[package]]
name = "contract_message_receiver"
source = "member"
dependencies = ["std"]

[[package]]
name = "contract_message_test"
source = "member"
dependencies = [
    "contract_message_receiver",
    "std",
]

[[package]]
name = "core"
source = "path+from-root-AC247AEA3D39B916"

[[package]]
name = "reentrancy"
source = "git+https://github.com/FuelLabs/sway-libs?tag=v0.12.0#063f118a3104adb6a04207ca877993b5ad03a492"
dependencies = ["std"]

[[package]]
name = "src_20"
source = "git+https://github.com/FuelLabs/sway-standards?tag=v0.1.2#a3744aa3dcb8c950a433d1fc16645ef9a83dc583"
dependencies = ["std"]

[[package]]
name = "std"
source = "git+https://github.com/fuellabs/sway?tag=v0.47.0#34265301c6037d51444899a99df1cfc563df6016"
dependencies = ["core"]

[[package]]
name = "test_deposit_recipient_contract"
source = "member"
dependencies = [
    "contract_message_receiver",
    "std",
]
