[[package]]
name = 'bridge_fungible_token'
source = 'root'
dependencies = [
    'bridge_fungible_token_abi',
    'contract_message_receiver',
    'std',
]

[[package]]
name = 'bridge_fungible_token_abi'
source = 'path+from-root-0CFC8A61C9CDDC6E'
dependencies = ['std']

[[package]]
name = 'contract_message_receiver'
source = 'path+from-root-0CFC8A61C9CDDC6E'
dependencies = ['std']

[[package]]
name = 'core'
source = 'path+from-root-064254D1F5F62D46'

[[package]]
name = 'std'
source = 'git+https://github.com/fuellabs/sway?tag=v0.28.1#84f9aad376760cd9c8eacc8a4848bffeb25bf9a5'
dependencies = ['core']
