[[package]]
name = 'bridge_fungible_token'
source = 'root'
dependencies = [
    'bridge_fungible_token_abi',
    'contract_message_receiver',
    'std',
]

[[package]]
name = 'bridge_fungible_token_abi'
source = 'path+from-root-0CFC8A61C9CDDC6E'
dependencies = ['std']

[[package]]
name = 'contract_message_receiver'
source = 'path+from-root-0CFC8A61C9CDDC6E'
dependencies = ['std']

[[package]]
name = 'core'
source = 'path+from-root-6A09A1886494359D'

[[package]]
name = 'std'
source = 'git+https://github.com/fuellabs/sway?tag=v0.30.0#37deaee8fccf5804d78a003cf64f14fac654fc41'
dependencies = ['core']
