[[package]]
name = "base-asset-contract"
source = "member"
dependencies = [
    "standards",
    "std",
]

[[package]]
name = "core"
source = "path+from-root-9889F771D40C5D34"

[[package]]
name = "standards"
source = "git+https://github.com/FuelLabs/sway-standards?tag=v0.4.3#6f63eb7dff2458a7d976184e565b5cbf26f61da2"
dependencies = ["std"]

[[package]]
name = "std"
source = "git+https://github.com/fuellabs/sway?tag=v0.53.0#b30f0e83d3f3d336007e3dfce45a48a87e731345"
dependencies = ["core"]
