[[package]]
name = 'bridge_fungible_token_abi'
source = 'root'
dependencies = ['std']

[[package]]
name = 'core'
source = 'path+from-root-873B9454D8CD25E5'

[[package]]
name = 'std'
source = 'git+https://github.com/fuellabs/sway?tag=v0.28.0#a7978381effcf999adc5726587bf8f711f04e414'
dependencies = ['core']
