[[package]]
name = 'bridge_fungible_token'
source = 'member'
dependencies = [
    'contract_message_receiver',
    'reentrancy',
    'std',
]

[[package]]
name = 'contract_message_receiver'
source = 'path+from-root-0CFC8A61C9CDDC6E'
dependencies = ['std']

[[package]]
name = 'core'
source = 'path+from-root-140ABAC4C486046F'

[[package]]
name = 'reentrancy'
source = 'git+https://github.com/FuelLabs/sway-libs?tag=v0.12.0#063f118a3104adb6a04207ca877993b5ad03a492'
dependencies = ['std']

[[package]]
name = 'std'
source = 'git+https://github.com/fuellabs/sway?tag=v0.44.0#241d30f7cde5cdd1f378eb2bc1daae945f329d0c'
dependencies = ['core']

[[package]]
name = 'test_deposit_recipient_contract'
source = 'member'
dependencies = [
    'contract_message_receiver',
    'std',
]
