[[package]]
name = 'FRC20_abi'
source = 'member'
dependencies = ['std']

[[package]]
name = 'bridge_fungible_token'
source = 'member'
dependencies = [
    'FRC20_abi',
    'contract_message_receiver',
    'fungible_bridge_abi',
    'reentrancy',
    'std',
]

[[package]]
name = 'contract_message_receiver'
source = 'path+from-root-0CFC8A61C9CDDC6E'
dependencies = ['std']

[[package]]
name = 'core'
source = 'path+from-root-9BFE6D5D0CBDF740'

[[package]]
name = 'fungible_bridge_abi'
source = 'member'
dependencies = ['std']

[[package]]
name = 'reentrancy'
source = 'git+https://github.com/FuelLabs/sway-libs?default-branch#14139407704840d45d7eba9b2fa040b1b430b3a9'
dependencies = ['std']

[[package]]
name = 'std'
source = 'git+https://github.com/fuellabs/sway?tag=v0.42.1#3b66f8e424bd21e3ba467783b10b36e808cfa6ee'
dependencies = ['core']

[[package]]
name = 'test_deposit_recipient_contract'
source = 'member'
dependencies = [
    'contract_message_receiver',
    'std',
]
